
Microsoft Visual Studio Solution File, Format Version 11.00
# Visual Studio 2010
Project("{8BC9CEB8-8B4A-11D0-8D11-00A0C91BC942}") = "pcap_ana", "pcap_ana.vcxproj", "{9556FE4D-9667-4A58-948E-95DECD1FB8CE}"
EndProject
Global
	GlobalSection(SolutionConfigurationPlatforms) = preSolution
		Debug|Win32 = Debug|Win32
		Release|Win32 = Release|Win32
	EndGlobalSection
	GlobalSection(ProjectConfigurationPlatforms) = postSolution
		{9556FE4D-9667-4A58-948E-95DECD1FB8CE}.Debug|Win32.ActiveCfg = Debug|Win32
		{9556FE4D-9667-4A58-948E-95DECD1FB8CE}.Debug|Win32.Build.0 = Debug|Win32
		{9556FE4D-9667-4A58-948E-95DECD1FB8CE}.Release|Win32.ActiveCfg = Release|Win32
		{9556FE4D-9667-4A58-948E-95DECD1FB8CE}.Release|Win32.Build.0 = Release|Win32
	EndGlobalSection
	GlobalSection(SolutionProperties) = preSolution
		HideSolutionNode = FALSE
	EndGlobalSection
EndGlobal
